{
  "requires": true,
  "lockfileVersion": 1,
  "dependencies": {
    "simple-react-validator": {
      "version": "1.2.4",
      "resolved": "https://registry.npmjs.org/simple-react-validator/-/simple-react-validator-1.2.4.tgz",
      "integrity": "sha512-U2z0mLSlUfL0Oz47CAECn3AqImeqCKNVf3rVDzQnVFyRA1q5+SRoUoJU7E88XQP3b52V0blBr+iXAYqEieIY1g=="
    },
    "validator": {
      "version": "12.0.0",
      "resolved": "https://registry.npmjs.org/validator/-/validator-12.0.0.tgz",
      "integrity": "sha512-r5zA1cQBEOgYlesRmSEwc9LkbfNLTtji+vWyaHzRZUxCTHdsX3bd+sdHfs5tGZ2W6ILGGsxWxCNwT/h3IY/3ng=="
    }
  }
}
